// !$*UTF8*$!
{
	archiveVersion = 1;
	classes = {
	};
	objectVersion = 77;
	objects = {

/* Begin PBXBuildFile section */
		1E24651B92518AA3C1F6496B /* StatusView.swift in Sources */ = {isa = PBXBuildFile; fileRef = 225BA407CB9A54940B0C42C2 /* StatusView.swift */; };
		93C415B01B3104E8ECE97B75 /* PreviewViewController.swift in Sources */ = {isa = PBXBuildFile; fileRef = 9B25B509363E54A646A1D077 /* PreviewViewController.swift */; };
		A112D3017A9DF910CF90F86B /* MarkdownQuickLookExtension.appex in Embed Foundation Extensions */ = {isa = PBXBuildFile; fileRef = E1F927BAB166A2659B0BD19C /* MarkdownQuickLookExtension.appex */; settings = {ATTRIBUTES = (RemoveHeadersOnCopy, ); }; };
		D7E908AC940B2B4DB825CDB2 /* MarkdownQuickLookApp.swift in Sources */ = {isa = PBXBuildFile; fileRef = D477E57E6BA27B850FC0747D /* MarkdownQuickLookApp.swift */; };
/* End PBXBuildFile section */

/* Begin PBXContainerItemProxy section */
		BB27293167C8A9FF7C6B09C4 /* PBXContainerItemProxy */ = {
			isa = PBXContainerItemProxy;
			containerPortal = 50BAACD9E2BEE16CBE4C3E11 /* Project object */;
			proxyType = 1;
			remoteGlobalIDString = 50EEEA3CE97ADE66821B9574;
			remoteInfo = MarkdownQuickLookExtension;
		};
/* End PBXContainerItemProxy section */

/* Begin PBXCopyFilesBuildPhase section */
		23676DC2CF2C004B4B0FEA63 /* Embed Foundation Extensions */ = {
			isa = PBXCopyFilesBuildPhase;
			buildActionMask = 2147483647;
			dstPath = "";
			dstSubfolderSpec = 13;
			files = (
				A112D3017A9DF910CF90F86B /* MarkdownQuickLookExtension.appex in Embed Foundation Extensions */,
			);
			name = "Embed Foundation Extensions";
			runOnlyForDeploymentPostprocessing = 0;
		};
/* End PBXCopyFilesBuildPhase section */

/* Begin PBXFileReference section */
		225BA407CB9A54940B0C42C2 /* StatusView.swift */ = {isa = PBXFileReference; lastKnownFileType = sourcecode.swift; path = StatusView.swift; sourceTree = "<group>"; };
		52D6FE7E6BC3781A3A619FA0 /* Markdown Quick Look.app */ = {isa = PBXFileReference; explicitFileType = wrapper.application; includeInIndex = 0; path = "Markdown Quick Look.app"; sourceTree = BUILT_PRODUCTS_DIR; };
		8FAFF0F2E3DC8FD8F4C3D815 /* Info.plist */ = {isa = PBXFileReference; lastKnownFileType = text.plist; path = Info.plist; sourceTree = "<group>"; };
		9B25B509363E54A646A1D077 /* PreviewViewController.swift */ = {isa = PBXFileReference; lastKnownFileType = sourcecode.swift; path = PreviewViewController.swift; sourceTree = "<group>"; };
		D477E57E6BA27B850FC0747D /* MarkdownQuickLookApp.swift */ = {isa = PBXFileReference; lastKnownFileType = sourcecode.swift; path = MarkdownQuickLookApp.swift; sourceTree = "<group>"; };
		E1F927BAB166A2659B0BD19C /* MarkdownQuickLookExtension.appex */ = {isa = PBXFileReference; explicitFileType = "wrapper.app-extension"; includeInIndex = 0; path = MarkdownQuickLookExtension.appex; sourceTree = BUILT_PRODUCTS_DIR; };
/* End PBXFileReference section */

/* Begin PBXGroup section */
		166A618FFA3D4B50AF33348F /* Sources */ = {
			isa = PBXGroup;
			children = (
				4D60CD272CCFA2ACF0BF1E1B /* MarkdownQuickLook */,
				B02FD1ED8CB6755ACFEC729F /* MarkdownQuickLookExtension */,
			);
			path = Sources;
			sourceTree = "<group>";
		};
		4D60CD272CCFA2ACF0BF1E1B /* MarkdownQuickLook */ = {
			isa = PBXGroup;
			children = (
				D477E57E6BA27B850FC0747D /* MarkdownQuickLookApp.swift */,
				225BA407CB9A54940B0C42C2 /* StatusView.swift */,
			);
			path = MarkdownQuickLook;
			sourceTree = "<group>";
		};
		B02FD1ED8CB6755ACFEC729F /* MarkdownQuickLookExtension */ = {
			isa = PBXGroup;
			children = (
				8FAFF0F2E3DC8FD8F4C3D815 /* Info.plist */,
				9B25B509363E54A646A1D077 /* PreviewViewController.swift */,
			);
			path = MarkdownQuickLookExtension;
			sourceTree = "<group>";
		};
		B328EC0969926B3DA391803B /* Products */ = {
			isa = PBXGroup;
			children = (
				52D6FE7E6BC3781A3A619FA0 /* Markdown Quick Look.app */,
				E1F927BAB166A2659B0BD19C /* MarkdownQuickLookExtension.appex */,
			);
			name = Products;
			sourceTree = "<group>";
		};
		ECCF2E41EECCE1F4DECD8975 = {
			isa = PBXGroup;
			children = (
				166A618FFA3D4B50AF33348F /* Sources */,
				B328EC0969926B3DA391803B /* Products */,
			);
			sourceTree = "<group>";
		};
/* End PBXGroup section */

/* Begin PBXNativeTarget section */
		09151971AF58B16BDA3BFF50 /* Markdown Quick Look */ = {
			isa = PBXNativeTarget;
			buildConfigurationList = E3D52E4F7557CD123F6F0F50 /* Build configuration list for PBXNativeTarget "Markdown Quick Look" */;
			buildPhases = (
				9596A922B6162F8F02080223 /* Sources */,
				23676DC2CF2C004B4B0FEA63 /* Embed Foundation Extensions */,
			);
			buildRules = (
			);
			dependencies = (
				E44E040D37A2D4CA6D36CF3B /* PBXTargetDependency */,
			);
			name = "Markdown Quick Look";
			packageProductDependencies = (
			);
			productName = "Markdown Quick Look";
			productReference = 52D6FE7E6BC3781A3A619FA0 /* Markdown Quick Look.app */;
			productType = "com.apple.product-type.application";
		};
		50EEEA3CE97ADE66821B9574 /* MarkdownQuickLookExtension */ = {
			isa = PBXNativeTarget;
			buildConfigurationList = 934C77319A8C8A7054A9E3DE /* Build configuration list for PBXNativeTarget "MarkdownQuickLookExtension" */;
			buildPhases = (
				980B04E75ABB96086649484C /* Sources */,
			);
			buildRules = (
			);
			dependencies = (
			);
			name = MarkdownQuickLookExtension;
			packageProductDependencies = (
			);
			productName = MarkdownQuickLookExtension;
			productReference = E1F927BAB166A2659B0BD19C /* MarkdownQuickLookExtension.appex */;
			productType = "com.apple.product-type.app-extension";
		};
/* End PBXNativeTarget section */

/* Begin PBXProject section */
		50BAACD9E2BEE16CBE4C3E11 /* Project object */ = {
			isa = PBXProject;
			attributes = {
				BuildIndependentTargetsInParallel = YES;
				LastUpgradeCheck = 1430;
				TargetAttributes = {
					09151971AF58B16BDA3BFF50 = {
						ProvisioningStyle = Automatic;
					};
					50EEEA3CE97ADE66821B9574 = {
						ProvisioningStyle = Automatic;
					};
				};
			};
			buildConfigurationList = 4616BDC15217C97862284EAA /* Build configuration list for PBXProject "Markdown Quick Look" */;
			developmentRegion = en;
			hasScannedForEncodings = 0;
			knownRegions = (
				Base,
				en,
			);
			mainGroup = ECCF2E41EECCE1F4DECD8975;
			minimizedProjectReferenceProxies = 1;
			preferredProjectObjectVersion = 77;
			productRefGroup = B328EC0969926B3DA391803B /* Products */;
			projectDirPath = "";
			projectRoot = "";
			targets = (
				09151971AF58B16BDA3BFF50 /* Markdown Quick Look */,
				50EEEA3CE97ADE66821B9574 /* MarkdownQuickLookExtension */,
			);
		};
/* End PBXProject section */

/* Begin PBXSourcesBuildPhase section */
		9596A922B6162F8F02080223 /* Sources */ = {
			isa = PBXSourcesBuildPhase;
			buildActionMask = 2147483647;
			files = (
				D7E908AC940B2B4DB825CDB2 /* MarkdownQuickLookApp.swift in Sources */,
				1E24651B92518AA3C1F6496B /* StatusView.swift in Sources */,
			);
			runOnlyForDeploymentPostprocessing = 0;
		};
		980B04E75ABB96086649484C /* Sources */ = {
			isa = PBXSourcesBuildPhase;
			buildActionMask = 2147483647;
			files = (
				93C415B01B3104E8ECE97B75 /* PreviewViewController.swift in Sources */,
			);
			runOnlyForDeploymentPostprocessing = 0;
		};
/* End PBXSourcesBuildPhase section */

/* Begin PBXTargetDependency section */
		E44E040D37A2D4CA6D36CF3B /* PBXTargetDependency */ = {
			isa = PBXTargetDependency;
			target = 50EEEA3CE97ADE66821B9574 /* MarkdownQuickLookExtension */;
			targetProxy = BB27293167C8A9FF7C6B09C4 /* PBXContainerItemProxy */;
		};
/* End PBXTargetDependency section */

/* Begin XCBuildConfiguration section */
		09D913F74B1E3EB987919C88 /* Debug */ = {
			isa = XCBuildConfiguration;
			buildSettings = {
				CODE_SIGN_STYLE = Automatic;
				COMBINE_HIDPI_IMAGES = YES;
				CURRENT_PROJECT_VERSION = 1;
				ENABLE_HARDENED_RUNTIME = YES;
				INFOPLIST_FILE = Sources/MarkdownQuickLookExtension/Info.plist;
				LD_RUNPATH_SEARCH_PATHS = (
					"$(inherited)",
					"@executable_path/../Frameworks",
					"@executable_path/../../../../Frameworks",
				);
				MACOSX_DEPLOYMENT_TARGET = 13.0;
				MARKETING_VERSION = 1.0;
				PRODUCT_BUNDLE_IDENTIFIER = com.jmurphy.markdownquicklook.PreviewExtension;
				PRODUCT_NAME = MarkdownQuickLookExtension;
				SDKROOT = macosx;
				SKIP_INSTALL = YES;
				SWIFT_VERSION = 5.0;
			};
			name = Debug;
		};
		468EF3A0F96D8EB9738D6CA1 /* Debug */ = {
			isa = XCBuildConfiguration;
			buildSettings = {
				ASSETCATALOG_COMPILER_APPICON_NAME = AppIcon;
				CODE_SIGN_STYLE = Automatic;
				COMBINE_HIDPI_IMAGES = YES;
				CURRENT_PROJECT_VERSION = 1;
				ENABLE_HARDENED_RUNTIME = YES;
				GENERATE_INFOPLIST_FILE = YES;
				INFOPLIST_KEY_CFBundleDisplayName = "Markdown Quick Look";
				INFOPLIST_KEY_LSApplicationCategoryType = "public.app-category.productivity";
				INFOPLIST_KEY_NSHumanReadableCopyright = "";
				LD_RUNPATH_SEARCH_PATHS = (
					"$(inherited)",
					"@executable_path/../Frameworks",
				);
				MACOSX_DEPLOYMENT_TARGET = 13.0;
				MARKETING_VERSION = 1.0;
				PRODUCT_BUNDLE_IDENTIFIER = com.jmurphy.markdownquicklook;
				PRODUCT_NAME = "Markdown Quick Look";
				SDKROOT = macosx;
				SWIFT_VERSION = 5.0;
			};
			name = Debug;
		};
		7031E3050C702B0B08F5EDF0 /* Release */ = {
			isa = XCBuildConfiguration;
			buildSettings = {
				CODE_SIGN_STYLE = Automatic;
				COMBINE_HIDPI_IMAGES = YES;
				CURRENT_PROJECT_VERSION = 1;
				ENABLE_HARDENED_RUNTIME = YES;
				INFOPLIST_FILE = Sources/MarkdownQuickLookExtension/Info.plist;
				LD_RUNPATH_SEARCH_PATHS = (
					"$(inherited)",
					"@executable_path/../Frameworks",
					"@executable_path/../../../../Frameworks",
				);
				MACOSX_DEPLOYMENT_TARGET = 13.0;
				MARKETING_VERSION = 1.0;
				PRODUCT_BUNDLE_IDENTIFIER = com.jmurphy.markdownquicklook.PreviewExtension;
				PRODUCT_NAME = MarkdownQuickLookExtension;
				SDKROOT = macosx;
				SKIP_INSTALL = YES;
				SWIFT_VERSION = 5.0;
			};
			name = Release;
		};
		721A523A65483939152E86B7 /* Debug */ = {
			isa = XCBuildConfiguration;
			buildSettings = {
				ALWAYS_SEARCH_USER_PATHS = NO;
				CLANG_ANALYZER_NONNULL = YES;
				CLANG_ANALYZER_NUMBER_OBJECT_CONVERSION = YES_AGGRESSIVE;
				CLANG_CXX_LANGUAGE_STANDARD = "gnu++14";
				CLANG_CXX_LIBRARY = "libc++";
				CLANG_ENABLE_MODULES = YES;
				CLANG_ENABLE_OBJC_ARC = YES;
				CLANG_ENABLE_OBJC_WEAK = YES;
				CLANG_WARN_BLOCK_CAPTURE_AUTORELEASING = YES;
				CLANG_WARN_BOOL_CONVERSION = YES;
				CLANG_WARN_COMMA = YES;
				CLANG_WARN_CONSTANT_CONVERSION = YES;
				CLANG_WARN_DEPRECATED_OBJC_IMPLEMENTATIONS = YES;
				CLANG_WARN_DIRECT_OBJC_ISA_USAGE = YES_ERROR;
				CLANG_WARN_DOCUMENTATION_COMMENTS = YES;
				CLANG_WARN_EMPTY_BODY = YES;
				CLANG_WARN_ENUM_CONVERSION = YES;
				CLANG_WARN_INFINITE_RECURSION = YES;
				CLANG_WARN_INT_CONVERSION = YES;
				CLANG_WARN_NON_LITERAL_NULL_CONVERSION = YES;
				CLANG_WARN_OBJC_IMPLICIT_RETAIN_SELF = YES;
				CLANG_WARN_OBJC_LITERAL_CONVERSION = YES;
				CLANG_WARN_OBJC_ROOT_CLASS = YES_ERROR;
				CLANG_WARN_QUOTED_INCLUDE_IN_FRAMEWORK_HEADER = YES;
				CLANG_WARN_RANGE_LOOP_ANALYSIS = YES;
				CLANG_WARN_STRICT_PROTOTYPES = YES;
				CLANG_WARN_SUSPICIOUS_MOVE = YES;
				CLANG_WARN_UNGUARDED_AVAILABILITY = YES_AGGRESSIVE;
				CLANG_WARN_UNREACHABLE_CODE = YES;
				CLANG_WARN__DUPLICATE_METHOD_MATCH = YES;
				COPY_PHASE_STRIP = NO;
				DEBUG_INFORMATION_FORMAT = dwarf;
				ENABLE_STRICT_OBJC_MSGSEND = YES;
				ENABLE_TESTABILITY = YES;
				GCC_C_LANGUAGE_STANDARD = gnu11;
				GCC_DYNAMIC_NO_PIC = NO;
				GCC_NO_COMMON_BLOCKS = YES;
				GCC_OPTIMIZATION_LEVEL = 0;
				GCC_PREPROCESSOR_DEFINITIONS = (
					"$(inherited)",
					"DEBUG=1",
				);
				GCC_WARN_64_TO_32_BIT_CONVERSION = YES;
				GCC_WARN_ABOUT_RETURN_TYPE = YES_ERROR;
				GCC_WARN_UNDECLARED_SELECTOR = YES;
				GCC_WARN_UNINITIALIZED_AUTOS = YES_AGGRESSIVE;
				GCC_WARN_UNUSED_FUNCTION = YES;
				GCC_WARN_UNUSED_VARIABLE = YES;
				MACOSX_DEPLOYMENT_TARGET = 13.0;
				MTL_ENABLE_DEBUG_INFO = INCLUDE_SOURCE;
				MTL_FAST_MATH = YES;
				ONLY_ACTIVE_ARCH = YES;
				PRODUCT_NAME = "$(TARGET_NAME)";
				SDKROOT = macosx;
				SWIFT_ACTIVE_COMPILATION_CONDITIONS = DEBUG;
				SWIFT_OPTIMIZATION_LEVEL = "-Onone";
				SWIFT_VERSION = 5.0;
			};
			name = Debug;
		};
		880A41771B5C5B6956120D36 /* Release */ = {
			isa = XCBuildConfiguration;
			buildSettings = {
				ASSETCATALOG_COMPILER_APPICON_NAME = AppIcon;
				CODE_SIGN_STYLE = Automatic;
				COMBINE_HIDPI_IMAGES = YES;
				CURRENT_PROJECT_VERSION = 1;
				ENABLE_HARDENED_RUNTIME = YES;
				GENERATE_INFOPLIST_FILE = YES;
				INFOPLIST_KEY_CFBundleDisplayName = "Markdown Quick Look";
				INFOPLIST_KEY_LSApplicationCategoryType = "public.app-category.productivity";
				INFOPLIST_KEY_NSHumanReadableCopyright = "";
				LD_RUNPATH_SEARCH_PATHS = (
					"$(inherited)",
					"@executable_path/../Frameworks",
				);
				MACOSX_DEPLOYMENT_TARGET = 13.0;
				MARKETING_VERSION = 1.0;
				PRODUCT_BUNDLE_IDENTIFIER = com.jmurphy.markdownquicklook;
				PRODUCT_NAME = "Markdown Quick Look";
				SDKROOT = macosx;
				SWIFT_VERSION = 5.0;
			};
			name = Release;
		};
		F08D1E4728C92D70FB255173 /* Release */ = {
			isa = XCBuildConfiguration;
			buildSettings = {
				ALWAYS_SEARCH_USER_PATHS = NO;
				CLANG_ANALYZER_NONNULL = YES;
				CLANG_ANALYZER_NUMBER_OBJECT_CONVERSION = YES_AGGRESSIVE;
				CLANG_CXX_LANGUAGE_STANDARD = "gnu++14";
				CLANG_CXX_LIBRARY = "libc++";
				CLANG_ENABLE_MODULES = YES;
				CLANG_ENABLE_OBJC_ARC = YES;
				CLANG_ENABLE_OBJC_WEAK = YES;
				CLANG_WARN_BLOCK_CAPTURE_AUTORELEASING = YES;
				CLANG_WARN_BOOL_CONVERSION = YES;
				CLANG_WARN_COMMA = YES;
				CLANG_WARN_CONSTANT_CONVERSION = YES;
				CLANG_WARN_DEPRECATED_OBJC_IMPLEMENTATIONS = YES;
				CLANG_WARN_DIRECT_OBJC_ISA_USAGE = YES_ERROR;
				CLANG_WARN_DOCUMENTATION_COMMENTS = YES;
				CLANG_WARN_EMPTY_BODY = YES;
				CLANG_WARN_ENUM_CONVERSION = YES;
				CLANG_WARN_INFINITE_RECURSION = YES;
				CLANG_WARN_INT_CONVERSION = YES;
				CLANG_WARN_NON_LITERAL_NULL_CONVERSION = YES;
				CLANG_WARN_OBJC_IMPLICIT_RETAIN_SELF = YES;
				CLANG_WARN_OBJC_LITERAL_CONVERSION = YES;
				CLANG_WARN_OBJC_ROOT_CLASS = YES_ERROR;
				CLANG_WARN_QUOTED_INCLUDE_IN_FRAMEWORK_HEADER = YES;
				CLANG_WARN_RANGE_LOOP_ANALYSIS = YES;
				CLANG_WARN_STRICT_PROTOTYPES = YES;
				CLANG_WARN_SUSPICIOUS_MOVE = YES;
				CLANG_WARN_UNGUARDED_AVAILABILITY = YES_AGGRESSIVE;
				CLANG_WARN_UNREACHABLE_CODE = YES;
				CLANG_WARN__DUPLICATE_METHOD_MATCH = YES;
				COPY_PHASE_STRIP = NO;
				DEBUG_INFORMATION_FORMAT = "dwarf-with-dsym";
				ENABLE_NS_ASSERTIONS = NO;
				ENABLE_STRICT_OBJC_MSGSEND = YES;
				GCC_C_LANGUAGE_STANDARD = gnu11;
				GCC_NO_COMMON_BLOCKS = YES;
				GCC_WARN_64_TO_32_BIT_CONVERSION = YES;
				GCC_WARN_ABOUT_RETURN_TYPE = YES_ERROR;
				GCC_WARN_UNDECLARED_SELECTOR = YES;
				GCC_WARN_UNINITIALIZED_AUTOS = YES_AGGRESSIVE;
				GCC_WARN_UNUSED_FUNCTION = YES;
				GCC_WARN_UNUSED_VARIABLE = YES;
				MACOSX_DEPLOYMENT_TARGET = 13.0;
				MTL_ENABLE_DEBUG_INFO = NO;
				MTL_FAST_MATH = YES;
				PRODUCT_NAME = "$(TARGET_NAME)";
				SDKROOT = macosx;
				SWIFT_COMPILATION_MODE = wholemodule;
				SWIFT_OPTIMIZATION_LEVEL = "-O";
				SWIFT_VERSION = 5.0;
			};
			name = Release;
		};
/* End XCBuildConfiguration section */

/* Begin XCConfigurationList section */
		4616BDC15217C97862284EAA /* Build configuration list for PBXProject "Markdown Quick Look" */ = {
			isa = XCConfigurationList;
			buildConfigurations = (
				721A523A65483939152E86B7 /* Debug */,
				F08D1E4728C92D70FB255173 /* Release */,
			);
			defaultConfigurationIsVisible = 0;
			defaultConfigurationName = Debug;
		};
		934C77319A8C8A7054A9E3DE /* Build configuration list for PBXNativeTarget "MarkdownQuickLookExtension" */ = {
			isa = XCConfigurationList;
			buildConfigurations = (
				09D913F74B1E3EB987919C88 /* Debug */,
				7031E3050C702B0B08F5EDF0 /* Release */,
			);
			defaultConfigurationIsVisible = 0;
			defaultConfigurationName = Debug;
		};
		E3D52E4F7557CD123F6F0F50 /* Build configuration list for PBXNativeTarget "Markdown Quick Look" */ = {
			isa = XCConfigurationList;
			buildConfigurations = (
				468EF3A0F96D8EB9738D6CA1 /* Debug */,
				880A41771B5C5B6956120D36 /* Release */,
			);
			defaultConfigurationIsVisible = 0;
			defaultConfigurationName = Debug;
		};
/* End XCConfigurationList section */
	};
	rootObject = 50BAACD9E2BEE16CBE4C3E11 /* Project object */;
}
